
Microsoft Visual Studio Solution File, Format Version 12.00
# Visual Studio Version 17
VisualStudioVersion = 17.0.31903.59
MinimumVisualStudioVersion = 10.0.40219.1
Project("{2150E333-8FDC-42A3-9474-1A3956D46DE8}") = "src", "src", "{A78B2ADE-6D1E-475C-AE6C-7A20D8D87968}"
EndProject
Project("{2150E333-8FDC-42A3-9474-1A3956D46DE8}") = "01-Kernel", "01-Kernel", "{F8D97B64-9D76-4C21-A192-A02F1805FB56}"
EndProject
Project("{FAE04EC0-301F-11D3-BF4B-00C04F79EFBC}") = "CXMTCode.Kernel", "src\01-Kernel\CXMTCode.Kernel\CXMTCode.Kernel.csproj", "{202F374A-A66E-4D36-BE76-49816979625C}"
EndProject
Project("{FAE04EC0-301F-11D3-BF4B-00C04F79EFBC}") = "CXMTCode.Kernel.Contracts", "src\01-Kernel\CXMTCode.Kernel.Contracts\CXMTCode.Kernel.Contracts.csproj", "{1A0DBED1-8CAE-47A7-BE9A-F8CC86948622}"
EndProject
Project("{2150E333-8FDC-42A3-9474-1A3956D46DE8}") = "02-Plugins", "02-Plugins", "{4390CE47-992F-40FD-914D-0818953FD45C}"
EndProject
Project("{FAE04EC0-301F-11D3-BF4B-00C04F79EFBC}") = "CXMTCode.Plugins.MSSQL2019", "src\02-Plugins\CXMTCode.Plugins.MSSQL2019\CXMTCode.Plugins.MSSQL2019.csproj", "{C47DCCE1-6F33-431A-8B29-462DD4EDDE96}"
EndProject
Project("{FAE04EC0-301F-11D3-BF4B-00C04F79EFBC}") = "CXMTCode.Plugins.TestEngine", "src\02-Plugins\CXMTCode.Plugins.TestEngine\CXMTCode.Plugins.TestEngine.csproj", "{4BF94C7D-4CBF-4F40-9614-5D0A8BFC1FE2}"
EndProject
Project("{FAE04EC0-301F-11D3-BF4B-00C04F79EFBC}") = "CXMTCode.Plugins.Audit", "src\02-Plugins\CXMTCode.Plugins.Audit\CXMTCode.Plugins.Audit.csproj", "{9D24F13D-B4D4-4EF2-AB8A-7B7752105580}"
EndProject
Project("{2150E333-8FDC-42A3-9474-1A3956D46DE8}") = "04-Web", "04-Web", "{A65B481F-BBFB-4194-BF4C-81B783A5933F}"
EndProject
Project("{FAE04EC0-301F-11D3-BF4B-00C04F79EFBC}") = "CXMTCode.Web.Api", "src\04-Web\CXMTCode.Web.Api\CXMTCode.Web.Api.csproj", "{8ACF6E66-0789-4ADF-9BC7-5EDC89386C91}"
EndProject
Project("{2150E333-8FDC-42A3-9474-1A3956D46DE8}") = "05-Infrastructure", "05-Infrastructure", "{D4F4A422-1AEF-4865-85C4-79B326455765}"
EndProject
Project("{FAE04EC0-301F-11D3-BF4B-00C04F79EFBC}") = "CXMTCode.Infrastructure.Db", "src\05-Infrastructure\CXMTCode.Infrastructure.Db\CXMTCode.Infrastructure.Db.csproj", "{9378516B-9BB9-4108-AC0C-BDCDA835DC7C}"
EndProject
Project("{FAE04EC0-301F-11D3-BF4B-00C04F79EFBC}") = "CXMTCode.Infrastructure", "src\05-Infrastructure\CXMTCode.Infrastructure\CXMTCode.Infrastructure.csproj", "{D0D999FB-7530-4102-BDE9-7EA23A7514D5}"
EndProject
Project("{FAE04EC0-301F-11D3-BF4B-00C04F79EFBC}") = "CXMTCode.Plugins.Oracle19c", "src\02-Plugins\CXMTCode.Plugins.Oracle19c\CXMTCode.Plugins.Oracle19c.csproj", "{0D57D765-1044-405C-8426-D218EC84E6E5}"
EndProject
Project("{FAE04EC0-301F-11D3-BF4B-00C04F79EFBC}") = "CXMTCode.Plugins.MySQL80", "src\02-Plugins\CXMTCode.Plugins.MySQL80\CXMTCode.Plugins.MySQL80.csproj", "{F726FCBB-7EA0-4038-8331-14A9A4C1353F}"
EndProject
Project("{FAE04EC0-301F-11D3-BF4B-00C04F79EFBC}") = "CXMTCode.Plugins.Common", "src\02-Plugins\CXMTCode.Plugins.Common\CXMTCode.Plugins.Common.csproj", "{F71FEE3E-906B-47B6-AD8C-B557414CDA03}"
EndProject
Project("{FAE04EC0-301F-11D3-BF4B-00C04F79EFBC}") = "CXMTCode.Plugins.DB2_115", "src\02-Plugins\CXMTCode.Plugins.DB2_115\CXMTCode.Plugins.DB2_115.csproj", "{5DC9C83D-ED96-4231-BCF8-C4BB7F93561A}"
EndProject
Project("{2150E333-8FDC-42A3-9474-1A3956D46DE8}") = "03-Modules", "03-Modules", "{3618804D-BE7E-4D07-90D2-C79043A774ED}"
EndProject
Project("{FAE04EC0-301F-11D3-BF4B-00C04F79EFBC}") = "CXMTCode.Modules.Audit", "src\03-Modules\CXMTCode.Modules.Audit\CXMTCode.Modules.Audit.csproj", "{D1B69EE9-D76A-4FB1-859C-632B0FC9D0ED}"
EndProject
Project("{FAE04EC0-301F-11D3-BF4B-00C04F79EFBC}") = "CXMTCode.Modules.TestEngine", "src\03-Modules\CXMTCode.Modules.TestEngine\CXMTCode.Modules.TestEngine.csproj", "{0E50BAF3-2A12-4AFD-B58F-7895E87097AC}"
EndProject
Project("{FAE04EC0-301F-11D3-BF4B-00C04F79EFBC}") = "CXMTCode.Modules.Schema", "src\03-Modules\CXMTCode.Modules.Schema\CXMTCode.Modules.Schema.csproj", "{DB04CC0B-F551-4CE5-AB2E-315EC895D8C0}"
EndProject
Project("{2150E333-8FDC-42A3-9474-1A3956D46DE8}") = "tests", "tests", "{B36EF30F-D572-44D1-8EF9-07F6BC99380C}"
EndProject
Project("{FAE04EC0-301F-11D3-BF4B-00C04F79EFBC}") = "CXMTCode.Tests", "tests\CXMTCode.Tests\CXMTCode.Tests.csproj", "{EF70ACE3-95C5-49D9-8B44-270BAF0F536D}"
EndProject
Global
	GlobalSection(SolutionConfigurationPlatforms) = preSolution
		Debug|Any CPU = Debug|Any CPU
		Release|Any CPU = Release|Any CPU
	EndGlobalSection
	GlobalSection(SolutionProperties) = preSolution
		HideSolutionNode = FALSE
	EndGlobalSection
	GlobalSection(ProjectConfigurationPlatforms) = postSolution
		{202F374A-A66E-4D36-BE76-49816979625C}.Debug|Any CPU.ActiveCfg = Debug|Any CPU
		{202F374A-A66E-4D36-BE76-49816979625C}.Debug|Any CPU.Build.0 = Debug|Any CPU
		{202F374A-A66E-4D36-BE76-49816979625C}.Release|Any CPU.ActiveCfg = Release|Any CPU
		{202F374A-A66E-4D36-BE76-49816979625C}.Release|Any CPU.Build.0 = Release|Any CPU
		{1A0DBED1-8CAE-47A7-BE9A-F8CC86948622}.Debug|Any CPU.ActiveCfg = Debug|Any CPU
		{1A0DBED1-8CAE-47A7-BE9A-F8CC86948622}.Debug|Any CPU.Build.0 = Debug|Any CPU
		{1A0DBED1-8CAE-47A7-BE9A-F8CC86948622}.Release|Any CPU.ActiveCfg = Release|Any CPU
		{1A0DBED1-8CAE-47A7-BE9A-F8CC86948622}.Release|Any CPU.Build.0 = Release|Any CPU
		{C47DCCE1-6F33-431A-8B29-462DD4EDDE96}.Debug|Any CPU.ActiveCfg = Debug|Any CPU
		{C47DCCE1-6F33-431A-8B29-462DD4EDDE96}.Debug|Any CPU.Build.0 = Debug|Any CPU
		{C47DCCE1-6F33-431A-8B29-462DD4EDDE96}.Release|Any CPU.ActiveCfg = Release|Any CPU
		{C47DCCE1-6F33-431A-8B29-462DD4EDDE96}.Release|Any CPU.Build.0 = Release|Any CPU
		{4BF94C7D-4CBF-4F40-9614-5D0A8BFC1FE2}.Debug|Any CPU.ActiveCfg = Debug|Any CPU
		{4BF94C7D-4CBF-4F40-9614-5D0A8BFC1FE2}.Debug|Any CPU.Build.0 = Debug|Any CPU
		{4BF94C7D-4CBF-4F40-9614-5D0A8BFC1FE2}.Release|Any CPU.ActiveCfg = Release|Any CPU
		{4BF94C7D-4CBF-4F40-9614-5D0A8BFC1FE2}.Release|Any CPU.Build.0 = Release|Any CPU
		{9D24F13D-B4D4-4EF2-AB8A-7B7752105580}.Debug|Any CPU.ActiveCfg = Debug|Any CPU
		{9D24F13D-B4D4-4EF2-AB8A-7B7752105580}.Debug|Any CPU.Build.0 = Debug|Any CPU
		{9D24F13D-B4D4-4EF2-AB8A-7B7752105580}.Release|Any CPU.ActiveCfg = Release|Any CPU
		{9D24F13D-B4D4-4EF2-AB8A-7B7752105580}.Release|Any CPU.Build.0 = Release|Any CPU
		{8ACF6E66-0789-4ADF-9BC7-5EDC89386C91}.Debug|Any CPU.ActiveCfg = Debug|Any CPU
		{8ACF6E66-0789-4ADF-9BC7-5EDC89386C91}.Debug|Any CPU.Build.0 = Debug|Any CPU
		{8ACF6E66-0789-4ADF-9BC7-5EDC89386C91}.Release|Any CPU.ActiveCfg = Release|Any CPU
		{8ACF6E66-0789-4ADF-9BC7-5EDC89386C91}.Release|Any CPU.Build.0 = Release|Any CPU
		{9378516B-9BB9-4108-AC0C-BDCDA835DC7C}.Debug|Any CPU.ActiveCfg = Debug|Any CPU
		{9378516B-9BB9-4108-AC0C-BDCDA835DC7C}.Debug|Any CPU.Build.0 = Debug|Any CPU
		{9378516B-9BB9-4108-AC0C-BDCDA835DC7C}.Release|Any CPU.ActiveCfg = Release|Any CPU
		{9378516B-9BB9-4108-AC0C-BDCDA835DC7C}.Release|Any CPU.Build.0 = Release|Any CPU
		{D0D999FB-7530-4102-BDE9-7EA23A7514D5}.Debug|Any CPU.ActiveCfg = Debug|Any CPU
		{D0D999FB-7530-4102-BDE9-7EA23A7514D5}.Debug|Any CPU.Build.0 = Debug|Any CPU
		{D0D999FB-7530-4102-BDE9-7EA23A7514D5}.Release|Any CPU.ActiveCfg = Release|Any CPU
		{D0D999FB-7530-4102-BDE9-7EA23A7514D5}.Release|Any CPU.Build.0 = Release|Any CPU
		{0D57D765-1044-405C-8426-D218EC84E6E5}.Debug|Any CPU.ActiveCfg = Debug|Any CPU
		{0D57D765-1044-405C-8426-D218EC84E6E5}.Debug|Any CPU.Build.0 = Debug|Any CPU
		{0D57D765-1044-405C-8426-D218EC84E6E5}.Release|Any CPU.ActiveCfg = Release|Any CPU
		{0D57D765-1044-405C-8426-D218EC84E6E5}.Release|Any CPU.Build.0 = Release|Any CPU
		{F726FCBB-7EA0-4038-8331-14A9A4C1353F}.Debug|Any CPU.ActiveCfg = Debug|Any CPU
		{F726FCBB-7EA0-4038-8331-14A9A4C1353F}.Debug|Any CPU.Build.0 = Debug|Any CPU
		{F726FCBB-7EA0-4038-8331-14A9A4C1353F}.Release|Any CPU.ActiveCfg = Release|Any CPU
		{F726FCBB-7EA0-4038-8331-14A9A4C1353F}.Release|Any CPU.Build.0 = Release|Any CPU
		{F71FEE3E-906B-47B6-AD8C-B557414CDA03}.Debug|Any CPU.ActiveCfg = Debug|Any CPU
		{F71FEE3E-906B-47B6-AD8C-B557414CDA03}.Debug|Any CPU.Build.0 = Debug|Any CPU
		{F71FEE3E-906B-47B6-AD8C-B557414CDA03}.Release|Any CPU.ActiveCfg = Release|Any CPU
		{F71FEE3E-906B-47B6-AD8C-B557414CDA03}.Release|Any CPU.Build.0 = Release|Any CPU
		{5DC9C83D-ED96-4231-BCF8-C4BB7F93561A}.Debug|Any CPU.ActiveCfg = Debug|Any CPU
		{5DC9C83D-ED96-4231-BCF8-C4BB7F93561A}.Debug|Any CPU.Build.0 = Debug|Any CPU
		{5DC9C83D-ED96-4231-BCF8-C4BB7F93561A}.Release|Any CPU.ActiveCfg = Release|Any CPU
		{5DC9C83D-ED96-4231-BCF8-C4BB7F93561A}.Release|Any CPU.Build.0 = Release|Any CPU
		{D1B69EE9-D76A-4FB1-859C-632B0FC9D0ED}.Debug|Any CPU.ActiveCfg = Debug|Any CPU
		{D1B69EE9-D76A-4FB1-859C-632B0FC9D0ED}.Debug|Any CPU.Build.0 = Debug|Any CPU
		{D1B69EE9-D76A-4FB1-859C-632B0FC9D0ED}.Release|Any CPU.ActiveCfg = Release|Any CPU
		{D1B69EE9-D76A-4FB1-859C-632B0FC9D0ED}.Release|Any CPU.Build.0 = Release|Any CPU
		{0E50BAF3-2A12-4AFD-B58F-7895E87097AC}.Debug|Any CPU.ActiveCfg = Debug|Any CPU
		{0E50BAF3-2A12-4AFD-B58F-7895E87097AC}.Debug|Any CPU.Build.0 = Debug|Any CPU
		{0E50BAF3-2A12-4AFD-B58F-7895E87097AC}.Release|Any CPU.ActiveCfg = Release|Any CPU
		{0E50BAF3-2A12-4AFD-B58F-7895E87097AC}.Release|Any CPU.Build.0 = Release|Any CPU
		{DB04CC0B-F551-4CE5-AB2E-315EC895D8C0}.Debug|Any CPU.ActiveCfg = Debug|Any CPU
		{DB04CC0B-F551-4CE5-AB2E-315EC895D8C0}.Debug|Any CPU.Build.0 = Debug|Any CPU
		{DB04CC0B-F551-4CE5-AB2E-315EC895D8C0}.Release|Any CPU.ActiveCfg = Release|Any CPU
		{DB04CC0B-F551-4CE5-AB2E-315EC895D8C0}.Release|Any CPU.Build.0 = Release|Any CPU
		{EF70ACE3-95C5-49D9-8B44-270BAF0F536D}.Debug|Any CPU.ActiveCfg = Debug|Any CPU
		{EF70ACE3-95C5-49D9-8B44-270BAF0F536D}.Debug|Any CPU.Build.0 = Debug|Any CPU
		{EF70ACE3-95C5-49D9-8B44-270BAF0F536D}.Release|Any CPU.ActiveCfg = Release|Any CPU
		{EF70ACE3-95C5-49D9-8B44-270BAF0F536D}.Release|Any CPU.Build.0 = Release|Any CPU
	EndGlobalSection
	GlobalSection(NestedProjects) = preSolution
		{F8D97B64-9D76-4C21-A192-A02F1805FB56} = {A78B2ADE-6D1E-475C-AE6C-7A20D8D87968}
		{202F374A-A66E-4D36-BE76-49816979625C} = {F8D97B64-9D76-4C21-A192-A02F1805FB56}
		{1A0DBED1-8CAE-47A7-BE9A-F8CC86948622} = {F8D97B64-9D76-4C21-A192-A02F1805FB56}
		{4390CE47-992F-40FD-914D-0818953FD45C} = {A78B2ADE-6D1E-475C-AE6C-7A20D8D87968}
		{C47DCCE1-6F33-431A-8B29-462DD4EDDE96} = {4390CE47-992F-40FD-914D-0818953FD45C}
		{4BF94C7D-4CBF-4F40-9614-5D0A8BFC1FE2} = {4390CE47-992F-40FD-914D-0818953FD45C}
		{9D24F13D-B4D4-4EF2-AB8A-7B7752105580} = {4390CE47-992F-40FD-914D-0818953FD45C}
		{A65B481F-BBFB-4194-BF4C-81B783A5933F} = {A78B2ADE-6D1E-475C-AE6C-7A20D8D87968}
		{8ACF6E66-0789-4ADF-9BC7-5EDC89386C91} = {A65B481F-BBFB-4194-BF4C-81B783A5933F}
		{D4F4A422-1AEF-4865-85C4-79B326455765} = {A78B2ADE-6D1E-475C-AE6C-7A20D8D87968}
		{9378516B-9BB9-4108-AC0C-BDCDA835DC7C} = {D4F4A422-1AEF-4865-85C4-79B326455765}
		{D0D999FB-7530-4102-BDE9-7EA23A7514D5} = {D4F4A422-1AEF-4865-85C4-79B326455765}
		{0D57D765-1044-405C-8426-D218EC84E6E5} = {4390CE47-992F-40FD-914D-0818953FD45C}
		{F726FCBB-7EA0-4038-8331-14A9A4C1353F} = {4390CE47-992F-40FD-914D-0818953FD45C}
		{F71FEE3E-906B-47B6-AD8C-B557414CDA03} = {4390CE47-992F-40FD-914D-0818953FD45C}
		{5DC9C83D-ED96-4231-BCF8-C4BB7F93561A} = {4390CE47-992F-40FD-914D-0818953FD45C}
		{3618804D-BE7E-4D07-90D2-C79043A774ED} = {A78B2ADE-6D1E-475C-AE6C-7A20D8D87968}
		{D1B69EE9-D76A-4FB1-859C-632B0FC9D0ED} = {3618804D-BE7E-4D07-90D2-C79043A774ED}
		{0E50BAF3-2A12-4AFD-B58F-7895E87097AC} = {3618804D-BE7E-4D07-90D2-C79043A774ED}
		{DB04CC0B-F551-4CE5-AB2E-315EC895D8C0} = {3618804D-BE7E-4D07-90D2-C79043A774ED}
		{EF70ACE3-95C5-49D9-8B44-270BAF0F536D} = {B36EF30F-D572-44D1-8EF9-07F6BC99380C}
	EndGlobalSection
EndGlobal
